
Microsoft Visual Studio Solution File, Format Version 12.00
# Visual Studio Version 16
VisualStudioVersion = 16.0.30717.126
MinimumVisualStudioVersion = 10.0.40219.1
Project("{FAE04EC0-301F-11D3-BF4B-00C04F79EFBC}") = "MobileAppPlayground.Android", "MobileAppPlayground\MobileAppPlayground.Android\MobileAppPlayground.Android.csproj", "{5F3C76F8-2956-4759-8347-8959429BC7B8}"
EndProject
Project("{FAE04EC0-301F-11D3-BF4B-00C04F79EFBC}") = "MobileAppPlayground.iOS", "MobileAppPlayground\MobileAppPlayground.iOS\MobileAppPlayground.iOS.csproj", "{4028FAF5-B366-4CF0-A61E-B41087684F34}"
EndProject
Project("{9A19103F-16F7-4668-BE54-9A1E7A4F7556}") = "MobileAppPlayground", "MobileAppPlayground\MobileAppPlayground\MobileAppPlayground.csproj", "{2A964C8A-9CD2-4C68-940A-3C3B92684C90}"
EndProject
Project("{9A19103F-16F7-4668-BE54-9A1E7A4F7556}") = "MobileAppPlaygroundApi", "MobileAppPlaygroundApi\MobileAppPlaygroundApi.csproj", "{67B057BD-EEA3-455E-A566-9B4319128F0B}"
EndProject
Project("{9A19103F-16F7-4668-BE54-9A1E7A4F7556}") = "IdentityServer", "IdentityServer\IdentityServer.csproj", "{79027573-E644-4D5A-9706-E54126E1AA07}"
EndProject
Project("{FAE04EC0-301F-11D3-BF4B-00C04F79EFBC}") = "ClientApi", "ClientApi\ClientApi.csproj", "{29C456D5-08F8-4315-AC5E-4043A9FBCC43}"
EndProject
Global
	GlobalSection(SolutionConfigurationPlatforms) = preSolution
		Debug|Any CPU = Debug|Any CPU
		Debug|iPhone = Debug|iPhone
		Debug|iPhoneSimulator = Debug|iPhoneSimulator
		Release|Any CPU = Release|Any CPU
		Release|iPhone = Release|iPhone
		Release|iPhoneSimulator = Release|iPhoneSimulator
	EndGlobalSection
	GlobalSection(ProjectConfigurationPlatforms) = postSolution
		{5F3C76F8-2956-4759-8347-8959429BC7B8}.Debug|Any CPU.ActiveCfg = Debug|Any CPU
		{5F3C76F8-2956-4759-8347-8959429BC7B8}.Debug|Any CPU.Build.0 = Debug|Any CPU
		{5F3C76F8-2956-4759-8347-8959429BC7B8}.Debug|Any CPU.Deploy.0 = Debug|Any CPU
		{5F3C76F8-2956-4759-8347-8959429BC7B8}.Debug|iPhone.ActiveCfg = Debug|Any CPU
		{5F3C76F8-2956-4759-8347-8959429BC7B8}.Debug|iPhone.Build.0 = Debug|Any CPU
		{5F3C76F8-2956-4759-8347-8959429BC7B8}.Debug|iPhone.Deploy.0 = Debug|Any CPU
		{5F3C76F8-2956-4759-8347-8959429BC7B8}.Debug|iPhoneSimulator.ActiveCfg = Debug|Any CPU
		{5F3C76F8-2956-4759-8347-8959429BC7B8}.Debug|iPhoneSimulator.Build.0 = Debug|Any CPU
		{5F3C76F8-2956-4759-8347-8959429BC7B8}.Debug|iPhoneSimulator.Deploy.0 = Debug|Any CPU
		{5F3C76F8-2956-4759-8347-8959429BC7B8}.Release|Any CPU.ActiveCfg = Release|Any CPU
		{5F3C76F8-2956-4759-8347-8959429BC7B8}.Release|Any CPU.Build.0 = Release|Any CPU
		{5F3C76F8-2956-4759-8347-8959429BC7B8}.Release|Any CPU.Deploy.0 = Release|Any CPU
		{5F3C76F8-2956-4759-8347-8959429BC7B8}.Release|iPhone.ActiveCfg = Release|Any CPU
		{5F3C76F8-2956-4759-8347-8959429BC7B8}.Release|iPhone.Build.0 = Release|Any CPU
		{5F3C76F8-2956-4759-8347-8959429BC7B8}.Release|iPhone.Deploy.0 = Release|Any CPU
		{5F3C76F8-2956-4759-8347-8959429BC7B8}.Release|iPhoneSimulator.ActiveCfg = Release|Any CPU
		{5F3C76F8-2956-4759-8347-8959429BC7B8}.Release|iPhoneSimulator.Build.0 = Release|Any CPU
		{5F3C76F8-2956-4759-8347-8959429BC7B8}.Release|iPhoneSimulator.Deploy.0 = Release|Any CPU
		{4028FAF5-B366-4CF0-A61E-B41087684F34}.Debug|Any CPU.ActiveCfg = Debug|iPhone
		{4028FAF5-B366-4CF0-A61E-B41087684F34}.Debug|Any CPU.Build.0 = Debug|iPhone
		{4028FAF5-B366-4CF0-A61E-B41087684F34}.Debug|Any CPU.Deploy.0 = Debug|iPhone
		{4028FAF5-B366-4CF0-A61E-B41087684F34}.Debug|iPhone.ActiveCfg = Debug|iPhone
		{4028FAF5-B366-4CF0-A61E-B41087684F34}.Debug|iPhone.Build.0 = Debug|iPhone
		{4028FAF5-B366-4CF0-A61E-B41087684F34}.Debug|iPhone.Deploy.0 = Debug|iPhone
		{4028FAF5-B366-4CF0-A61E-B41087684F34}.Debug|iPhoneSimulator.ActiveCfg = Debug|iPhoneSimulator
		{4028FAF5-B366-4CF0-A61E-B41087684F34}.Debug|iPhoneSimulator.Build.0 = Debug|iPhoneSimulator
		{4028FAF5-B366-4CF0-A61E-B41087684F34}.Debug|iPhoneSimulator.Deploy.0 = Debug|iPhoneSimulator
		{4028FAF5-B366-4CF0-A61E-B41087684F34}.Release|Any CPU.ActiveCfg = Release|iPhoneSimulator
		{4028FAF5-B366-4CF0-A61E-B41087684F34}.Release|Any CPU.Build.0 = Release|iPhoneSimulator
		{4028FAF5-B366-4CF0-A61E-B41087684F34}.Release|Any CPU.Deploy.0 = Release|iPhoneSimulator
		{4028FAF5-B366-4CF0-A61E-B41087684F34}.Release|iPhone.ActiveCfg = Release|iPhone
		{4028FAF5-B366-4CF0-A61E-B41087684F34}.Release|iPhone.Build.0 = Release|iPhone
		{4028FAF5-B366-4CF0-A61E-B41087684F34}.Release|iPhone.Deploy.0 = Release|iPhone
		{4028FAF5-B366-4CF0-A61E-B41087684F34}.Release|iPhoneSimulator.ActiveCfg = Release|iPhoneSimulator
		{4028FAF5-B366-4CF0-A61E-B41087684F34}.Release|iPhoneSimulator.Build.0 = Release|iPhoneSimulator
		{4028FAF5-B366-4CF0-A61E-B41087684F34}.Release|iPhoneSimulator.Deploy.0 = Release|iPhoneSimulator
		{2A964C8A-9CD2-4C68-940A-3C3B92684C90}.Debug|Any CPU.ActiveCfg = Debug|Any CPU
		{2A964C8A-9CD2-4C68-940A-3C3B92684C90}.Debug|Any CPU.Build.0 = Debug|Any CPU
		{2A964C8A-9CD2-4C68-940A-3C3B92684C90}.Debug|Any CPU.Deploy.0 = Debug|Any CPU
		{2A964C8A-9CD2-4C68-940A-3C3B92684C90}.Debug|iPhone.ActiveCfg = Debug|Any CPU
		{2A964C8A-9CD2-4C68-940A-3C3B92684C90}.Debug|iPhone.Build.0 = Debug|Any CPU
		{2A964C8A-9CD2-4C68-940A-3C3B92684C90}.Debug|iPhone.Deploy.0 = Debug|Any CPU
		{2A964C8A-9CD2-4C68-940A-3C3B92684C90}.Debug|iPhoneSimulator.ActiveCfg = Debug|Any CPU
		{2A964C8A-9CD2-4C68-940A-3C3B92684C90}.Debug|iPhoneSimulator.Build.0 = Debug|Any CPU
		{2A964C8A-9CD2-4C68-940A-3C3B92684C90}.Debug|iPhoneSimulator.Deploy.0 = Debug|Any CPU
		{2A964C8A-9CD2-4C68-940A-3C3B92684C90}.Release|Any CPU.ActiveCfg = Release|Any CPU
		{2A964C8A-9CD2-4C68-940A-3C3B92684C90}.Release|Any CPU.Build.0 = Release|Any CPU
		{2A964C8A-9CD2-4C68-940A-3C3B92684C90}.Release|Any CPU.Deploy.0 = Release|Any CPU
		{2A964C8A-9CD2-4C68-940A-3C3B92684C90}.Release|iPhone.ActiveCfg = Release|Any CPU
		{2A964C8A-9CD2-4C68-940A-3C3B92684C90}.Release|iPhone.Build.0 = Release|Any CPU
		{2A964C8A-9CD2-4C68-940A-3C3B92684C90}.Release|iPhone.Deploy.0 = Release|Any CPU
		{2A964C8A-9CD2-4C68-940A-3C3B92684C90}.Release|iPhoneSimulator.ActiveCfg = Release|Any CPU
		{2A964C8A-9CD2-4C68-940A-3C3B92684C90}.Release|iPhoneSimulator.Build.0 = Release|Any CPU
		{2A964C8A-9CD2-4C68-940A-3C3B92684C90}.Release|iPhoneSimulator.Deploy.0 = Release|Any CPU
		{67B057BD-EEA3-455E-A566-9B4319128F0B}.Debug|Any CPU.ActiveCfg = Debug|Any CPU
		{67B057BD-EEA3-455E-A566-9B4319128F0B}.Debug|Any CPU.Build.0 = Debug|Any CPU
		{67B057BD-EEA3-455E-A566-9B4319128F0B}.Debug|iPhone.ActiveCfg = Debug|Any CPU
		{67B057BD-EEA3-455E-A566-9B4319128F0B}.Debug|iPhone.Build.0 = Debug|Any CPU
		{67B057BD-EEA3-455E-A566-9B4319128F0B}.Debug|iPhoneSimulator.ActiveCfg = Debug|Any CPU
		{67B057BD-EEA3-455E-A566-9B4319128F0B}.Debug|iPhoneSimulator.Build.0 = Debug|Any CPU
		{67B057BD-EEA3-455E-A566-9B4319128F0B}.Release|Any CPU.ActiveCfg = Release|Any CPU
		{67B057BD-EEA3-455E-A566-9B4319128F0B}.Release|Any CPU.Build.0 = Release|Any CPU
		{67B057BD-EEA3-455E-A566-9B4319128F0B}.Release|iPhone.ActiveCfg = Release|Any CPU
		{67B057BD-EEA3-455E-A566-9B4319128F0B}.Release|iPhone.Build.0 = Release|Any CPU
		{67B057BD-EEA3-455E-A566-9B4319128F0B}.Release|iPhoneSimulator.ActiveCfg = Release|Any CPU
		{67B057BD-EEA3-455E-A566-9B4319128F0B}.Release|iPhoneSimulator.Build.0 = Release|Any CPU
		{79027573-E644-4D5A-9706-E54126E1AA07}.Debug|Any CPU.ActiveCfg = Debug|Any CPU
		{79027573-E644-4D5A-9706-E54126E1AA07}.Debug|Any CPU.Build.0 = Debug|Any CPU
		{79027573-E644-4D5A-9706-E54126E1AA07}.Debug|iPhone.ActiveCfg = Debug|Any CPU
		{79027573-E644-4D5A-9706-E54126E1AA07}.Debug|iPhone.Build.0 = Debug|Any CPU
		{79027573-E644-4D5A-9706-E54126E1AA07}.Debug|iPhoneSimulator.ActiveCfg = Debug|Any CPU
		{79027573-E644-4D5A-9706-E54126E1AA07}.Debug|iPhoneSimulator.Build.0 = Debug|Any CPU
		{79027573-E644-4D5A-9706-E54126E1AA07}.Release|Any CPU.ActiveCfg = Release|Any CPU
		{79027573-E644-4D5A-9706-E54126E1AA07}.Release|Any CPU.Build.0 = Release|Any CPU
		{79027573-E644-4D5A-9706-E54126E1AA07}.Release|iPhone.ActiveCfg = Release|Any CPU
		{79027573-E644-4D5A-9706-E54126E1AA07}.Release|iPhone.Build.0 = Release|Any CPU
		{79027573-E644-4D5A-9706-E54126E1AA07}.Release|iPhoneSimulator.ActiveCfg = Release|Any CPU
		{79027573-E644-4D5A-9706-E54126E1AA07}.Release|iPhoneSimulator.Build.0 = Release|Any CPU
		{29C456D5-08F8-4315-AC5E-4043A9FBCC43}.Debug|Any CPU.ActiveCfg = Debug|Any CPU
		{29C456D5-08F8-4315-AC5E-4043A9FBCC43}.Debug|Any CPU.Build.0 = Debug|Any CPU
		{29C456D5-08F8-4315-AC5E-4043A9FBCC43}.Debug|iPhone.ActiveCfg = Debug|Any CPU
		{29C456D5-08F8-4315-AC5E-4043A9FBCC43}.Debug|iPhone.Build.0 = Debug|Any CPU
		{29C456D5-08F8-4315-AC5E-4043A9FBCC43}.Debug|iPhoneSimulator.ActiveCfg = Debug|Any CPU
		{29C456D5-08F8-4315-AC5E-4043A9FBCC43}.Debug|iPhoneSimulator.Build.0 = Debug|Any CPU
		{29C456D5-08F8-4315-AC5E-4043A9FBCC43}.Release|Any CPU.ActiveCfg = Release|Any CPU
		{29C456D5-08F8-4315-AC5E-4043A9FBCC43}.Release|Any CPU.Build.0 = Release|Any CPU
		{29C456D5-08F8-4315-AC5E-4043A9FBCC43}.Release|iPhone.ActiveCfg = Release|Any CPU
		{29C456D5-08F8-4315-AC5E-4043A9FBCC43}.Release|iPhone.Build.0 = Release|Any CPU
		{29C456D5-08F8-4315-AC5E-4043A9FBCC43}.Release|iPhoneSimulator.ActiveCfg = Release|Any CPU
		{29C456D5-08F8-4315-AC5E-4043A9FBCC43}.Release|iPhoneSimulator.Build.0 = Release|Any CPU
	EndGlobalSection
	GlobalSection(SolutionProperties) = preSolution
		HideSolutionNode = FALSE
	EndGlobalSection
	GlobalSection(ExtensibilityGlobals) = postSolution
		SolutionGuid = {6A258CF4-1115-40C5-A39D-3EDD7B1E13B8}
	EndGlobalSection
EndGlobal
